// !$*UTF8*$!
{
	archiveVersion = 1;
	classes = {
	};
	objectVersion = 46;
	objects = {

/* Begin PBXBuildFile section */
		9DB16CC71CA5D32300617B20 /* AppDelegate.swift in Sources */ = {isa = PBXBuildFile; fileRef = 9DB16CC61CA5D32300617B20 /* AppDelegate.swift */; };
		9DB16CC91CA5D32300617B20 /* ViewController.swift in Sources */ = {isa = PBXBuildFile; fileRef = 9DB16CC81CA5D32300617B20 /* ViewController.swift */; };
		9DB16CCC1CA5D32300617B20 /* Main.storyboard in Resources */ = {isa = PBXBuildFile; fileRef = 9DB16CCA1CA5D32300617B20 /* Main.storyboard */; };
		9DB16CCE1CA5D32300617B20 /* Assets.xcassets in Resources */ = {isa = PBXBuildFile; fileRef = 9DB16CCD1CA5D32300617B20 /* Assets.xcassets */; };
		9DB16CD11CA5D32300617B20 /* LaunchScreen.storyboard in Resources */ = {isa = PBXBuildFile; fileRef = 9DB16CCF1CA5D32300617B20 /* LaunchScreen.storyboard */; };
		9DB16CDC1CA5D32300617B20 /* DraftBox_SwiftTests.swift in Sources */ = {isa = PBXBuildFile; fileRef = 9DB16CDB1CA5D32300617B20 /* DraftBox_SwiftTests.swift */; };
		9DB16CE71CA5D32300617B20 /* DraftBox_SwiftUITests.swift in Sources */ = {isa = PBXBuildFile; fileRef = 9DB16CE61CA5D32300617B20 /* DraftBox_SwiftUITests.swift */; };
/* End PBXBuildFile section */

/* Begin PBXContainerItemProxy section */
		9DB16CD81CA5D32300617B20 /* PBXContainerItemProxy */ = {
			isa = PBXContainerItemProxy;
			containerPortal = 9DB16CBB1CA5D32300617B20 /* Project object */;
			proxyType = 1;
			remoteGlobalIDString = 9DB16CC21CA5D32300617B20;
			remoteInfo = "DraftBox-Swift";
		};
		9DB16CE31CA5D32300617B20 /* PBXContainerItemProxy */ = {
			isa = PBXContainerItemProxy;
			containerPortal = 9DB16CBB1CA5D32300617B20 /* Project object */;
			proxyType = 1;
			remoteGlobalIDString = 9DB16CC21CA5D32300617B20;
			remoteInfo = "DraftBox-Swift";
		};
/* End PBXContainerItemProxy section */

/* Begin PBXFileReference section */
		9DB16CC31CA5D32300617B20 /* DraftBox-Swift.app */ = {isa = PBXFileReference; explicitFileType = wrapper.application; includeInIndex = 0; path = "DraftBox-Swift.app"; sourceTree = BUILT_PRODUCTS_DIR; };
		9DB16CC61CA5D32300617B20 /* AppDelegate.swift */ = {isa = PBXFileReference; lastKnownFileType = sourcecode.swift; path = AppDelegate.swift; sourceTree = "<group>"; };
		9DB16CC81CA5D32300617B20 /* ViewController.swift */ = {isa = PBXFileReference; lastKnownFileType = sourcecode.swift; path = ViewController.swift; sourceTree = "<group>"; };
		9DB16CCB1CA5D32300617B20 /* Base */ = {isa = PBXFileReference; lastKnownFileType = file.storyboard; name = Base; path = Base.lproj/Main.storyboard; sourceTree = "<group>"; };
		9DB16CCD1CA5D32300617B20 /* Assets.xcassets */ = {isa = PBXFileReference; lastKnownFileType = folder.assetcatalog; path = Assets.xcassets; sourceTree = "<group>"; };
		9DB16CD01CA5D32300617B20 /* Base */ = {isa = PBXFileReference; lastKnownFileType = file.storyboard; name = Base; path = Base.lproj/LaunchScreen.storyboard; sourceTree = "<group>"; };
		9DB16CD21CA5D32300617B20 /* Info.plist */ = {isa = PBXFileReference; lastKnownFileType = text.plist.xml; path = Info.plist; sourceTree = "<group>"; };
		9DB16CD71CA5D32300617B20 /* DraftBox-SwiftTests.xctest */ = {isa = PBXFileReference; explicitFileType = wrapper.cfbundle; includeInIndex = 0; path = "DraftBox-SwiftTests.xctest"; sourceTree = BUILT_PRODUCTS_DIR; };
		9DB16CDB1CA5D32300617B20 /* DraftBox_SwiftTests.swift */ = {isa = PBXFileReference; lastKnownFileType = sourcecode.swift; path = DraftBox_SwiftTests.swift; sourceTree = "<group>"; };
		9DB16CDD1CA5D32300617B20 /* Info.plist */ = {isa = PBXFileReference; lastKnownFileType = text.plist.xml; path = Info.plist; sourceTree = "<group>"; };
		9DB16CE21CA5D32300617B20 /* DraftBox-SwiftUITests.xctest */ = {isa = PBXFileReference; explicitFileType = wrapper.cfbundle; includeInIndex = 0; path = "DraftBox-SwiftUITests.xctest"; sourceTree = BUILT_PRODUCTS_DIR; };
		9DB16CE61CA5D32300617B20 /* DraftBox_SwiftUITests.swift */ = {isa = PBXFileReference; lastKnownFileType = sourcecode.swift; path = DraftBox_SwiftUITests.swift; sourceTree = "<group>"; };
		9DB16CE81CA5D32300617B20 /* Info.plist */ = {isa = PBXFileReference; lastKnownFileType = text.plist.xml; path = Info.plist; sourceTree = "<group>"; };
/* End PBXFileReference section */

/* Begin PBXFrameworksBuildPhase section */
		9DB16CC01CA5D32300617B20 /* Frameworks */ = {
			isa = PBXFrameworksBuildPhase;
			buildActionMask = 2147483647;
			files = (
			);
			runOnlyForDeploymentPostprocessing = 0;
		};
		9DB16CD41CA5D32300617B20 /* Frameworks */ = {
			isa = PBXFrameworksBuildPhase;
			buildActionMask = 2147483647;
			files = (
			);
			runOnlyForDeploymentPostprocessing = 0;
		};
		9DB16CDF1CA5D32300617B20 /* Frameworks */ = {
			isa = PBXFrameworksBuildPhase;
			buildActionMask = 2147483647;
			files = (
			);
			runOnlyForDeploymentPostprocessing = 0;
		};
/* End PBXFrameworksBuildPhase section */

/* Begin PBXGroup section */
		9DB16CBA1CA5D32300617B20 = {
			isa = PBXGroup;
			children = (
				9DB16CC51CA5D32300617B20 /* DraftBox-Swift */,
				9DB16CDA1CA5D32300617B20 /* DraftBox-SwiftTests */,
				9DB16CE51CA5D32300617B20 /* DraftBox-SwiftUITests */,
				9DB16CC41CA5D32300617B20 /* Products */,
			);
			sourceTree = "<group>";
		};
		9DB16CC41CA5D32300617B20 /* Products */ = {
			isa = PBXGroup;
			children = (
				9DB16CC31CA5D32300617B20 /* DraftBox-Swift.app */,
				9DB16CD71CA5D32300617B20 /* DraftBox-SwiftTests.xctest */,
				9DB16CE21CA5D32300617B20 /* DraftBox-SwiftUITests.xctest */,
			);
			name = Products;
			sourceTree = "<group>";
		};
		9DB16CC51CA5D32300617B20 /* DraftBox-Swift */ = {
			isa = PBXGroup;
			children = (
				9DB16CC61CA5D32300617B20 /* AppDelegate.swift */,
				9DB16CC81CA5D32300617B20 /* ViewController.swift */,
				9DB16CCA1CA5D32300617B20 /* Main.storyboard */,
				9DB16CCD1CA5D32300617B20 /* Assets.xcassets */,
				9DB16CCF1CA5D32300617B20 /* LaunchScreen.storyboard */,
				9DB16CD21CA5D32300617B20 /* Info.plist */,
			);
			path = "DraftBox-Swift";
			sourceTree = "<group>";
		};
		9DB16CDA1CA5D32300617B20 /* DraftBox-SwiftTests */ = {
			isa = PBXGroup;
			children = (
				9DB16CDB1CA5D32300617B20 /* DraftBox_SwiftTests.swift */,
				9DB16CDD1CA5D32300617B20 /* Info.plist */,
			);
			path = "DraftBox-SwiftTests";
			sourceTree = "<group>";
		};
		9DB16CE51CA5D32300617B20 /* DraftBox-SwiftUITests */ = {
			isa = PBXGroup;
			children = (
				9DB16CE61CA5D32300617B20 /* DraftBox_SwiftUITests.swift */,
				9DB16CE81CA5D32300617B20 /* Info.plist */,
			);
			path = "DraftBox-SwiftUITests";
			sourceTree = "<group>";
		};
/* End PBXGroup section */

/* Begin PBXNativeTarget section */
		9DB16CC21CA5D32300617B20 /* DraftBox-Swift */ = {
			isa = PBXNativeTarget;
			buildConfigurationList = 9DB16CEB1CA5D32300617B20 /* Build configuration list for PBXNativeTarget "DraftBox-Swift" */;
			buildPhases = (
				9DB16CBF1CA5D32300617B20 /* Sources */,
				9DB16CC01CA5D32300617B20 /* Frameworks */,
				9DB16CC11CA5D32300617B20 /* Resources */,
			);
			buildRules = (
			);
			dependencies = (
			);
			name = "DraftBox-Swift";
			productName = "DraftBox-Swift";
			productReference = 9DB16CC31CA5D32300617B20 /* DraftBox-Swift.app */;
			productType = "com.apple.product-type.application";
		};
		9DB16CD61CA5D32300617B20 /* DraftBox-SwiftTests */ = {
			isa = PBXNativeTarget;
			buildConfigurationList = 9DB16CEE1CA5D32300617B20 /* Build configuration list for PBXNativeTarget "DraftBox-SwiftTests" */;
			buildPhases = (
				9DB16CD31CA5D32300617B20 /* Sources */,
				9DB16CD41CA5D32300617B20 /* Frameworks */,
				9DB16CD51CA5D32300617B20 /* Resources */,
			);
			buildRules = (
			);
			dependencies = (
				9DB16CD91CA5D32300617B20 /* PBXTargetDependency */,
			);
			name = "DraftBox-SwiftTests";
			productName = "DraftBox-SwiftTests";
			productReference = 9DB16CD71CA5D32300617B20 /* DraftBox-SwiftTests.xctest */;
			productType = "com.apple.product-type.bundle.unit-test";
		};
		9DB16CE11CA5D32300617B20 /* DraftBox-SwiftUITests */ = {
			isa = PBXNativeTarget;
			buildConfigurationList = 9DB16CF11CA5D32300617B20 /* Build configuration list for PBXNativeTarget "DraftBox-SwiftUITests" */;
			buildPhases = (
				9DB16CDE1CA5D32300617B20 /* Sources */,
				9DB16CDF1CA5D32300617B20 /* Frameworks */,
				9DB16CE01CA5D32300617B20 /* Resources */,
			);
			buildRules = (
			);
			dependencies = (
				9DB16CE41CA5D32300617B20 /* PBXTargetDependency */,
			);
			name = "DraftBox-SwiftUITests";
			productName = "DraftBox-SwiftUITests";
			productReference = 9DB16CE21CA5D32300617B20 /* DraftBox-SwiftUITests.xctest */;
			productType = "com.apple.product-type.bundle.ui-testing";
		};
/* End PBXNativeTarget section */

/* Begin PBXProject section */
		9DB16CBB1CA5D32300617B20 /* Project object */ = {
			isa = PBXProject;
			attributes = {
				LastSwiftUpdateCheck = 0720;
				LastUpgradeCheck = 0720;
				ORGANIZATIONNAME = "Broadway Lab, Inc.";
				TargetAttributes = {
					9DB16CC21CA5D32300617B20 = {
						CreatedOnToolsVersion = 7.2.1;
					};
					9DB16CD61CA5D32300617B20 = {
						CreatedOnToolsVersion = 7.2.1;
						TestTargetID = 9DB16CC21CA5D32300617B20;
					};
					9DB16CE11CA5D32300617B20 = {
						CreatedOnToolsVersion = 7.2.1;
						TestTargetID = 9DB16CC21CA5D32300617B20;
					};
				};
			};
			buildConfigurationList = 9DB16CBE1CA5D32300617B20 /* Build configuration list for PBXProject "DraftBox-Swift" */;
			compatibilityVersion = "Xcode 3.2";
			developmentRegion = English;
			hasScannedForEncodings = 0;
			knownRegions = (
				en,
				Base,
			);
			mainGroup = 9DB16CBA1CA5D32300617B20;
			productRefGroup = 9DB16CC41CA5D32300617B20 /* Products */;
			projectDirPath = "";
			projectRoot = "";
			targets = (
				9DB16CC21CA5D32300617B20 /* DraftBox-Swift */,
				9DB16CD61CA5D32300617B20 /* DraftBox-SwiftTests */,
				9DB16CE11CA5D32300617B20 /* DraftBox-SwiftUITests */,
			);
		};
/* End PBXProject section */

/* Begin PBXResourcesBuildPhase section */
		9DB16CC11CA5D32300617B20 /* Resources */ = {
			isa = PBXResourcesBuildPhase;
			buildActionMask = 2147483647;
			files = (
				9DB16CD11CA5D32300617B20 /* LaunchScreen.storyboard in Resources */,
				9DB16CCE1CA5D32300617B20 /* Assets.xcassets in Resources */,
				9DB16CCC1CA5D32300617B20 /* Main.storyboard in Resources */,
			);
			runOnlyForDeploymentPostprocessing = 0;
		};
		9DB16CD51CA5D32300617B20 /* Resources */ = {
			isa = PBXResourcesBuildPhase;
			buildActionMask = 2147483647;
			files = (
			);
			runOnlyForDeploymentPostprocessing = 0;
		};
		9DB16CE01CA5D32300617B20 /* Resources */ = {
			isa = PBXResourcesBuildPhase;
			buildActionMask = 2147483647;
			files = (
			);
			runOnlyForDeploymentPostprocessing = 0;
		};
/* End PBXResourcesBuildPhase section */

/* Begin PBXSourcesBuildPhase section */
		9DB16CBF1CA5D32300617B20 /* Sources */ = {
			isa = PBXSourcesBuildPhase;
			buildActionMask = 2147483647;
			files = (
				9DB16CC91CA5D32300617B20 /* ViewController.swift in Sources */,
				9DB16CC71CA5D32300617B20 /* AppDelegate.swift in Sources */,
			);
			runOnlyForDeploymentPostprocessing = 0;
		};
		9DB16CD31CA5D32300617B20 /* Sources */ = {
			isa = PBXSourcesBuildPhase;
			buildActionMask = 2147483647;
			files = (
				9DB16CDC1CA5D32300617B20 /* DraftBox_SwiftTests.swift in Sources */,
			);
			runOnlyForDeploymentPostprocessing = 0;
		};
		9DB16CDE1CA5D32300617B20 /* Sources */ = {
			isa = PBXSourcesBuildPhase;
			buildActionMask = 2147483647;
			files = (
				9DB16CE71CA5D32300617B20 /* DraftBox_SwiftUITests.swift in Sources */,
			);
			runOnlyForDeploymentPostprocessing = 0;
		};
/* End PBXSourcesBuildPhase section */

/* Begin PBXTargetDependency section */
		9DB16CD91CA5D32300617B20 /* PBXTargetDependency */ = {
			isa = PBXTargetDependency;
			target = 9DB16CC21CA5D32300617B20 /* DraftBox-Swift */;
			targetProxy = 9DB16CD81CA5D32300617B20 /* PBXContainerItemProxy */;
		};
		9DB16CE41CA5D32300617B20 /* PBXTargetDependency */ = {
			isa = PBXTargetDependency;
			target = 9DB16CC21CA5D32300617B20 /* DraftBox-Swift */;
			targetProxy = 9DB16CE31CA5D32300617B20 /* PBXContainerItemProxy */;
		};
/* End PBXTargetDependency section */

/* Begin PBXVariantGroup section */
		9DB16CCA1CA5D32300617B20 /* Main.storyboard */ = {
			isa = PBXVariantGroup;
			children = (
				9DB16CCB1CA5D32300617B20 /* Base */,
			);
			name = Main.storyboard;
			sourceTree = "<group>";
		};
		9DB16CCF1CA5D32300617B20 /* LaunchScreen.storyboard */ = {
			isa = PBXVariantGroup;
			children = (
				9DB16CD01CA5D32300617B20 /* Base */,
			);
			name = LaunchScreen.storyboard;
			sourceTree = "<group>";
		};
/* End PBXVariantGroup section */

/* Begin XCBuildConfiguration section */
		9DB16CE91CA5D32300617B20 /* Debug */ = {
			isa = XCBuildConfiguration;
			buildSettings = {
				ALWAYS_SEARCH_USER_PATHS = NO;
				CLANG_CXX_LANGUAGE_STANDARD = "gnu++0x";
				CLANG_CXX_LIBRARY = "libc++";
				CLANG_ENABLE_MODULES = YES;
				CLANG_ENABLE_OBJC_ARC = YES;
				CLANG_WARN_BOOL_CONVERSION = YES;
				CLANG_WARN_CONSTANT_CONVERSION = YES;
				CLANG_WARN_DIRECT_OBJC_ISA_USAGE = YES_ERROR;
				CLANG_WARN_EMPTY_BODY = YES;
				CLANG_WARN_ENUM_CONVERSION = YES;
				CLANG_WARN_INT_CONVERSION = YES;
				CLANG_WARN_OBJC_ROOT_CLASS = YES_ERROR;
				CLANG_WARN_UNREACHABLE_CODE = YES;
				CLANG_WARN__DUPLICATE_METHOD_MATCH = YES;
				"CODE_SIGN_IDENTITY[sdk=iphoneos*]" = "iPhone Developer";
				COPY_PHASE_STRIP = NO;
				DEBUG_INFORMATION_FORMAT = dwarf;
				ENABLE_STRICT_OBJC_MSGSEND = YES;
				ENABLE_TESTABILITY = YES;
				GCC_C_LANGUAGE_STANDARD = gnu99;
				GCC_DYNAMIC_NO_PIC = NO;
				GCC_NO_COMMON_BLOCKS = YES;
				GCC_OPTIMIZATION_LEVEL = 0;
				GCC_PREPROCESSOR_DEFINITIONS = (
					"DEBUG=1",
					"$(inherited)",
				);
				GCC_WARN_64_TO_32_BIT_CONVERSION = YES;
				GCC_WARN_ABOUT_RETURN_TYPE = YES_ERROR;
				GCC_WARN_UNDECLARED_SELECTOR = YES;
				GCC_WARN_UNINITIALIZED_AUTOS = YES_AGGRESSIVE;
				GCC_WARN_UNUSED_FUNCTION = YES;
				GCC_WARN_UNUSED_VARIABLE = YES;
				IPHONEOS_DEPLOYMENT_TARGET = 9.2;
				MTL_ENABLE_DEBUG_INFO = YES;
				ONLY_ACTIVE_ARCH = YES;
				SDKROOT = iphoneos;
				SWIFT_OPTIMIZATION_LEVEL = "-Onone";
			};
			name = Debug;
		};
		9DB16CEA1CA5D32300617B20 /* Release */ = {
			isa = XCBuildConfiguration;
			buildSettings = {
				ALWAYS_SEARCH_USER_PATHS = NO;
				CLANG_CXX_LANGUAGE_STANDARD = "gnu++0x";
				CLANG_CXX_LIBRARY = "libc++";
				CLANG_ENABLE_MODULES = YES;
				CLANG_ENABLE_OBJC_ARC = YES;
				CLANG_WARN_BOOL_CONVERSION = YES;
				CLANG_WARN_CONSTANT_CONVERSION = YES;
				CLANG_WARN_DIRECT_OBJC_ISA_USAGE = YES_ERROR;
				CLANG_WARN_EMPTY_BODY = YES;
				CLANG_WARN_ENUM_CONVERSION = YES;
				CLANG_WARN_INT_CONVERSION = YES;
				CLANG_WARN_OBJC_ROOT_CLASS = YES_ERROR;
				CLANG_WARN_UNREACHABLE_CODE = YES;
				CLANG_WARN__DUPLICATE_METHOD_MATCH = YES;
				"CODE_SIGN_IDENTITY[sdk=iphoneos*]" = "iPhone Developer";
				COPY_PHASE_STRIP = NO;
				DEBUG_INFORMATION_FORMAT = "dwarf-with-dsym";
				ENABLE_NS_ASSERTIONS = NO;
				ENABLE_STRICT_OBJC_MSGSEND = YES;
				GCC_C_LANGUAGE_STANDARD = gnu99;
				GCC_NO_COMMON_BLOCKS = YES;
				GCC_WARN_64_TO_32_BIT_CONVERSION = YES;
				GCC_WARN_ABOUT_RETURN_TYPE = YES_ERROR;
				GCC_WARN_UNDECLARED_SELECTOR = YES;
				GCC_WARN_UNINITIALIZED_AUTOS = YES_AGGRESSIVE;
				GCC_WARN_UNUSED_FUNCTION = YES;
				GCC_WARN_UNUSED_VARIABLE = YES;
				IPHONEOS_DEPLOYMENT_TARGET = 9.2;
				MTL_ENABLE_DEBUG_INFO = NO;
				SDKROOT = iphoneos;
				VALIDATE_PRODUCT = YES;
			};
			name = Release;
		};
		9DB16CEC1CA5D32300617B20 /* Debug */ = {
			isa = XCBuildConfiguration;
			buildSettings = {
				ASSETCATALOG_COMPILER_APPICON_NAME = AppIcon;
				INFOPLIST_FILE = "DraftBox-Swift/Info.plist";
				LD_RUNPATH_SEARCH_PATHS = "$(inherited) @executable_path/Frameworks";
				PRODUCT_BUNDLE_IDENTIFIER = "com.broadwaylab.DraftBox-Swift";
				PRODUCT_NAME = "$(TARGET_NAME)";
			};
			name = Debug;
		};
		9DB16CED1CA5D32300617B20 /* Release */ = {
			isa = XCBuildConfiguration;
			buildSettings = {
				ASSETCATALOG_COMPILER_APPICON_NAME = AppIcon;
				INFOPLIST_FILE = "DraftBox-Swift/Info.plist";
				LD_RUNPATH_SEARCH_PATHS = "$(inherited) @executable_path/Frameworks";
				PRODUCT_BUNDLE_IDENTIFIER = "com.broadwaylab.DraftBox-Swift";
				PRODUCT_NAME = "$(TARGET_NAME)";
			};
			name = Release;
		};
		9DB16CEF1CA5D32300617B20 /* Debug */ = {
			isa = XCBuildConfiguration;
			buildSettings = {
				BUNDLE_LOADER = "$(TEST_HOST)";
				INFOPLIST_FILE = "DraftBox-SwiftTests/Info.plist";
				LD_RUNPATH_SEARCH_PATHS = "$(inherited) @executable_path/Frameworks @loader_path/Frameworks";
				PRODUCT_BUNDLE_IDENTIFIER = "com.broadwaylab.DraftBox-SwiftTests";
				PRODUCT_NAME = "$(TARGET_NAME)";
				TEST_HOST = "$(BUILT_PRODUCTS_DIR)/DraftBox-Swift.app/DraftBox-Swift";
			};
			name = Debug;
		};
		9DB16CF01CA5D32300617B20 /* Release */ = {
			isa = XCBuildConfiguration;
			buildSettings = {
				BUNDLE_LOADER = "$(TEST_HOST)";
				INFOPLIST_FILE = "DraftBox-SwiftTests/Info.plist";
				LD_RUNPATH_SEARCH_PATHS = "$(inherited) @executable_path/Frameworks @loader_path/Frameworks";
				PRODUCT_BUNDLE_IDENTIFIER = "com.broadwaylab.DraftBox-SwiftTests";
				PRODUCT_NAME = "$(TARGET_NAME)";
				TEST_HOST = "$(BUILT_PRODUCTS_DIR)/DraftBox-Swift.app/DraftBox-Swift";
			};
			name = Release;
		};
		9DB16CF21CA5D32300617B20 /* Debug */ = {
			isa = XCBuildConfiguration;
			buildSettings = {
				INFOPLIST_FILE = "DraftBox-SwiftUITests/Info.plist";
				LD_RUNPATH_SEARCH_PATHS = "$(inherited) @executable_path/Frameworks @loader_path/Frameworks";
				PRODUCT_BUNDLE_IDENTIFIER = "com.broadwaylab.DraftBox-SwiftUITests";
				PRODUCT_NAME = "$(TARGET_NAME)";
				TEST_TARGET_NAME = "DraftBox-Swift";
				USES_XCTRUNNER = YES;
			};
			name = Debug;
		};
		9DB16CF31CA5D32300617B20 /* Release */ = {
			isa = XCBuildConfiguration;
			buildSettings = {
				INFOPLIST_FILE = "DraftBox-SwiftUITests/Info.plist";
				LD_RUNPATH_SEARCH_PATHS = "$(inherited) @executable_path/Frameworks @loader_path/Frameworks";
				PRODUCT_BUNDLE_IDENTIFIER = "com.broadwaylab.DraftBox-SwiftUITests";
				PRODUCT_NAME = "$(TARGET_NAME)";
				TEST_TARGET_NAME = "DraftBox-Swift";
				USES_XCTRUNNER = YES;
			};
			name = Release;
		};
/* End XCBuildConfiguration section */

/* Begin XCConfigurationList section */
		9DB16CBE1CA5D32300617B20 /* Build configuration list for PBXProject "DraftBox-Swift" */ = {
			isa = XCConfigurationList;
			buildConfigurations = (
				9DB16CE91CA5D32300617B20 /* Debug */,
				9DB16CEA1CA5D32300617B20 /* Release */,
			);
			defaultConfigurationIsVisible = 0;
			defaultConfigurationName = Release;
		};
		9DB16CEB1CA5D32300617B20 /* Build configuration list for PBXNativeTarget "DraftBox-Swift" */ = {
			isa = XCConfigurationList;
			buildConfigurations = (
				9DB16CEC1CA5D32300617B20 /* Debug */,
				9DB16CED1CA5D32300617B20 /* Release */,
			);
			defaultConfigurationIsVisible = 0;
		};
		9DB16CEE1CA5D32300617B20 /* Build configuration list for PBXNativeTarget "DraftBox-SwiftTests" */ = {
			isa = XCConfigurationList;
			buildConfigurations = (
				9DB16CEF1CA5D32300617B20 /* Debug */,
				9DB16CF01CA5D32300617B20 /* Release */,
			);
			defaultConfigurationIsVisible = 0;
		};
		9DB16CF11CA5D32300617B20 /* Build configuration list for PBXNativeTarget "DraftBox-SwiftUITests" */ = {
			isa = XCConfigurationList;
			buildConfigurations = (
				9DB16CF21CA5D32300617B20 /* Debug */,
				9DB16CF31CA5D32300617B20 /* Release */,
			);
			defaultConfigurationIsVisible = 0;
		};
/* End XCConfigurationList section */
	};
	rootObject = 9DB16CBB1CA5D32300617B20 /* Project object */;
}
